
Microsoft Visual Studio Solution File, Format Version 12.00
# Visual Studio 14
VisualStudioVersion = 14.0.23107.0
MinimumVisualStudioVersion = 10.0.40219.1
Project("{8BC9CEB8-8B4A-11D0-8D11-00A0C91BC942}") = "D-Ezreal", "D-Ezreal\D-Ezreal.vcxproj", "{88BFABF6-83FD-4125-A6C2-69ABDADC06A8}"
EndProject
Project("{8BC9CEB8-8B4A-11D0-8D11-00A0C91BC942}") = "D-Graves", "D-Graves\D-Graves.vcxproj", "{D2785629-312A-45AA-B3BD-54E5D6D1E435}"
EndProject
Project("{8BC9CEB8-8B4A-11D0-8D11-00A0C91BC942}") = "D-Nidalee++", "D-Nidalee++\D-Nidalee++.vcxproj", "{A65A4813-0FDC-4758-A289-977EBFE0CD31}"
EndProject
Project("{8BC9CEB8-8B4A-11D0-8D11-00A0C91BC942}") = "D-Thresh++", "D-Thresh++\D-Thresh++.vcxproj", "{FECFD0EF-D3C3-4529-A0EE-043356C82308}"
EndProject
Project("{8BC9CEB8-8B4A-11D0-8D11-00A0C91BC942}") = "D-Jayce++", "D-Jayce++\D-Jayce++.vcxproj", "{098D74D3-37E1-4D32-BE0D-7898C8F0D4D4}"
EndProject
Project("{8BC9CEB8-8B4A-11D0-8D11-00A0C91BC942}") = "D-Corki++", "D-Corki++\D-Corki++.vcxproj", "{68BF27A4-A5AF-403F-9055-9F56548CF0F1}"
EndProject
Project("{8BC9CEB8-8B4A-11D0-8D11-00A0C91BC942}") = "D-jarvan++", "D-jarvan++\D-jarvan++.vcxproj", "{8BD05BC6-894D-47DA-92B3-3595B953EA97}"
EndProject
Project("{8BC9CEB8-8B4A-11D0-8D11-00A0C91BC942}") = "D-Rumble++", "D-Rumble++\D-Rumble++.vcxproj", "{0C05F66B-B3D0-4BBB-A37D-567CAA79234B}"
EndProject
Project("{8BC9CEB8-8B4A-11D0-8D11-00A0C91BC942}") = "D-Vayne++", "D-Vayne++\D-Vayne++.vcxproj", "{658E8044-4E75-40BF-9FF7-3F78EE0E80D5}"
EndProject
Global
	GlobalSection(SolutionConfigurationPlatforms) = preSolution
		Debug|x64 = Debug|x64
		Debug|x86 = Debug|x86
		Release|x64 = Release|x64
		Release|x86 = Release|x86
	EndGlobalSection
	GlobalSection(ProjectConfigurationPlatforms) = postSolution
		{88BFABF6-83FD-4125-A6C2-69ABDADC06A8}.Debug|x64.ActiveCfg = Debug|x64
		{88BFABF6-83FD-4125-A6C2-69ABDADC06A8}.Debug|x64.Build.0 = Debug|x64
		{88BFABF6-83FD-4125-A6C2-69ABDADC06A8}.Debug|x86.ActiveCfg = Debug|Win32
		{88BFABF6-83FD-4125-A6C2-69ABDADC06A8}.Debug|x86.Build.0 = Debug|Win32
		{88BFABF6-83FD-4125-A6C2-69ABDADC06A8}.Release|x64.ActiveCfg = Release|x64
		{88BFABF6-83FD-4125-A6C2-69ABDADC06A8}.Release|x64.Build.0 = Release|x64
		{88BFABF6-83FD-4125-A6C2-69ABDADC06A8}.Release|x86.ActiveCfg = Release|Win32
		{88BFABF6-83FD-4125-A6C2-69ABDADC06A8}.Release|x86.Build.0 = Release|Win32
		{D2785629-312A-45AA-B3BD-54E5D6D1E435}.Debug|x64.ActiveCfg = Debug|x64
		{D2785629-312A-45AA-B3BD-54E5D6D1E435}.Debug|x64.Build.0 = Debug|x64
		{D2785629-312A-45AA-B3BD-54E5D6D1E435}.Debug|x86.ActiveCfg = Debug|Win32
		{D2785629-312A-45AA-B3BD-54E5D6D1E435}.Debug|x86.Build.0 = Debug|Win32
		{D2785629-312A-45AA-B3BD-54E5D6D1E435}.Release|x64.ActiveCfg = Release|x64
		{D2785629-312A-45AA-B3BD-54E5D6D1E435}.Release|x64.Build.0 = Release|x64
		{D2785629-312A-45AA-B3BD-54E5D6D1E435}.Release|x86.ActiveCfg = Release|Win32
		{D2785629-312A-45AA-B3BD-54E5D6D1E435}.Release|x86.Build.0 = Release|Win32
		{A65A4813-0FDC-4758-A289-977EBFE0CD31}.Debug|x64.ActiveCfg = Debug|x64
		{A65A4813-0FDC-4758-A289-977EBFE0CD31}.Debug|x64.Build.0 = Debug|x64
		{A65A4813-0FDC-4758-A289-977EBFE0CD31}.Debug|x86.ActiveCfg = Debug|Win32
		{A65A4813-0FDC-4758-A289-977EBFE0CD31}.Debug|x86.Build.0 = Debug|Win32
		{A65A4813-0FDC-4758-A289-977EBFE0CD31}.Release|x64.ActiveCfg = Release|x64
		{A65A4813-0FDC-4758-A289-977EBFE0CD31}.Release|x64.Build.0 = Release|x64
		{A65A4813-0FDC-4758-A289-977EBFE0CD31}.Release|x86.ActiveCfg = Release|Win32
		{A65A4813-0FDC-4758-A289-977EBFE0CD31}.Release|x86.Build.0 = Release|Win32
		{FECFD0EF-D3C3-4529-A0EE-043356C82308}.Debug|x64.ActiveCfg = Debug|x64
		{FECFD0EF-D3C3-4529-A0EE-043356C82308}.Debug|x64.Build.0 = Debug|x64
		{FECFD0EF-D3C3-4529-A0EE-043356C82308}.Debug|x86.ActiveCfg = Debug|Win32
		{FECFD0EF-D3C3-4529-A0EE-043356C82308}.Debug|x86.Build.0 = Debug|Win32
		{FECFD0EF-D3C3-4529-A0EE-043356C82308}.Release|x64.ActiveCfg = Release|x64
		{FECFD0EF-D3C3-4529-A0EE-043356C82308}.Release|x64.Build.0 = Release|x64
		{FECFD0EF-D3C3-4529-A0EE-043356C82308}.Release|x86.ActiveCfg = Release|Win32
		{FECFD0EF-D3C3-4529-A0EE-043356C82308}.Release|x86.Build.0 = Release|Win32
		{098D74D3-37E1-4D32-BE0D-7898C8F0D4D4}.Debug|x64.ActiveCfg = Debug|x64
		{098D74D3-37E1-4D32-BE0D-7898C8F0D4D4}.Debug|x64.Build.0 = Debug|x64
		{098D74D3-37E1-4D32-BE0D-7898C8F0D4D4}.Debug|x86.ActiveCfg = Debug|Win32
		{098D74D3-37E1-4D32-BE0D-7898C8F0D4D4}.Debug|x86.Build.0 = Debug|Win32
		{098D74D3-37E1-4D32-BE0D-7898C8F0D4D4}.Release|x64.ActiveCfg = Release|x64
		{098D74D3-37E1-4D32-BE0D-7898C8F0D4D4}.Release|x64.Build.0 = Release|x64
		{098D74D3-37E1-4D32-BE0D-7898C8F0D4D4}.Release|x86.ActiveCfg = Release|Win32
		{098D74D3-37E1-4D32-BE0D-7898C8F0D4D4}.Release|x86.Build.0 = Release|Win32
		{68BF27A4-A5AF-403F-9055-9F56548CF0F1}.Debug|x64.ActiveCfg = Debug|x64
		{68BF27A4-A5AF-403F-9055-9F56548CF0F1}.Debug|x64.Build.0 = Debug|x64
		{68BF27A4-A5AF-403F-9055-9F56548CF0F1}.Debug|x86.ActiveCfg = Debug|Win32
		{68BF27A4-A5AF-403F-9055-9F56548CF0F1}.Debug|x86.Build.0 = Debug|Win32
		{68BF27A4-A5AF-403F-9055-9F56548CF0F1}.Release|x64.ActiveCfg = Release|x64
		{68BF27A4-A5AF-403F-9055-9F56548CF0F1}.Release|x64.Build.0 = Release|x64
		{68BF27A4-A5AF-403F-9055-9F56548CF0F1}.Release|x86.ActiveCfg = Release|Win32
		{68BF27A4-A5AF-403F-9055-9F56548CF0F1}.Release|x86.Build.0 = Release|Win32
		{8BD05BC6-894D-47DA-92B3-3595B953EA97}.Debug|x64.ActiveCfg = Debug|x64
		{8BD05BC6-894D-47DA-92B3-3595B953EA97}.Debug|x64.Build.0 = Debug|x64
		{8BD05BC6-894D-47DA-92B3-3595B953EA97}.Debug|x86.ActiveCfg = Debug|Win32
		{8BD05BC6-894D-47DA-92B3-3595B953EA97}.Debug|x86.Build.0 = Debug|Win32
		{8BD05BC6-894D-47DA-92B3-3595B953EA97}.Release|x64.ActiveCfg = Release|x64
		{8BD05BC6-894D-47DA-92B3-3595B953EA97}.Release|x64.Build.0 = Release|x64
		{8BD05BC6-894D-47DA-92B3-3595B953EA97}.Release|x86.ActiveCfg = Release|Win32
		{8BD05BC6-894D-47DA-92B3-3595B953EA97}.Release|x86.Build.0 = Release|Win32
		{0C05F66B-B3D0-4BBB-A37D-567CAA79234B}.Debug|x64.ActiveCfg = Debug|x64
		{0C05F66B-B3D0-4BBB-A37D-567CAA79234B}.Debug|x64.Build.0 = Debug|x64
		{0C05F66B-B3D0-4BBB-A37D-567CAA79234B}.Debug|x86.ActiveCfg = Debug|Win32
		{0C05F66B-B3D0-4BBB-A37D-567CAA79234B}.Debug|x86.Build.0 = Debug|Win32
		{0C05F66B-B3D0-4BBB-A37D-567CAA79234B}.Release|x64.ActiveCfg = Release|x64
		{0C05F66B-B3D0-4BBB-A37D-567CAA79234B}.Release|x64.Build.0 = Release|x64
		{0C05F66B-B3D0-4BBB-A37D-567CAA79234B}.Release|x86.ActiveCfg = Release|Win32
		{0C05F66B-B3D0-4BBB-A37D-567CAA79234B}.Release|x86.Build.0 = Release|Win32
		{658E8044-4E75-40BF-9FF7-3F78EE0E80D5}.Debug|x64.ActiveCfg = Debug|x64
		{658E8044-4E75-40BF-9FF7-3F78EE0E80D5}.Debug|x64.Build.0 = Debug|x64
		{658E8044-4E75-40BF-9FF7-3F78EE0E80D5}.Debug|x86.ActiveCfg = Debug|Win32
		{658E8044-4E75-40BF-9FF7-3F78EE0E80D5}.Debug|x86.Build.0 = Debug|Win32
		{658E8044-4E75-40BF-9FF7-3F78EE0E80D5}.Release|x64.ActiveCfg = Release|x64
		{658E8044-4E75-40BF-9FF7-3F78EE0E80D5}.Release|x64.Build.0 = Release|x64
		{658E8044-4E75-40BF-9FF7-3F78EE0E80D5}.Release|x86.ActiveCfg = Release|Win32
		{658E8044-4E75-40BF-9FF7-3F78EE0E80D5}.Release|x86.Build.0 = Release|Win32
	EndGlobalSection
	GlobalSection(SolutionProperties) = preSolution
		HideSolutionNode = FALSE
	EndGlobalSection
EndGlobal
